
Microsoft Visual Studio Solution File, Format Version 12.00
# Visual Studio Version 17
VisualStudioVersion = 17.5.33530.505
MinimumVisualStudioVersion = 10.0.40219.1
Project("{FAE04EC0-301F-11D3-BF4B-00C04F79EFBC}") = "Kalkulator", "Kalkulator\Kalkulator.csproj", "{2926FD2B-BE5C-49FA-96C6-99500F2AD772}"
EndProject
Global
	GlobalSection(SolutionConfigurationPlatforms) = preSolution
		Debug|Any CPU = Debug|Any CPU
		Release|Any CPU = Release|Any CPU
	EndGlobalSection
	GlobalSection(ProjectConfigurationPlatforms) = postSolution
		{2926FD2B-BE5C-49FA-96C6-99500F2AD772}.Debug|Any CPU.ActiveCfg = Debug|Any CPU
		{2926FD2B-BE5C-49FA-96C6-99500F2AD772}.Debug|Any CPU.Build.0 = Debug|Any CPU
		{2926FD2B-BE5C-49FA-96C6-99500F2AD772}.Release|Any CPU.ActiveCfg = Release|Any CPU
		{2926FD2B-BE5C-49FA-96C6-99500F2AD772}.Release|Any CPU.Build.0 = Release|Any CPU
	EndGlobalSection
	GlobalSection(SolutionProperties) = preSolution
		HideSolutionNode = FALSE
	EndGlobalSection
	GlobalSection(ExtensibilityGlobals) = postSolution
		SolutionGuid = {67F0C7A1-7613-4CBC-A625-B7041F2A095A}
	EndGlobalSection
EndGlobal
